// !$*UTF8*$!
{
	archiveVersion = 1;
	classes = {
	};
	objectVersion = 50;
	objects = {

/* Begin PBXBuildFile section */
		AD6B83E1207DAC4F006B3C5E /* AppDelegate.swift in Sources */ = {isa = PBXBuildFile; fileRef = AD6B83E0207DAC4F006B3C5E /* AppDelegate.swift */; };
		AD6B83E3207DAC51006B3C5E /* Assets.xcassets in Resources */ = {isa = PBXBuildFile; fileRef = AD6B83E2207DAC51006B3C5E /* Assets.xcassets */; };
		AD6B83E6207DAC51006B3C5E /* MainMenu.xib in Resources */ = {isa = PBXBuildFile; fileRef = AD6B83E4207DAC51006B3C5E /* MainMenu.xib */; };
		AD6B83F1207DACB1006B3C5E /* JoyConClass.swift in Sources */ = {isa = PBXBuildFile; fileRef = AD6B83F0207DACB1006B3C5E /* JoyConClass.swift */; };
		AD6B83F3207DAFBE006B3C5E /* StatusMenuController.swift in Sources */ = {isa = PBXBuildFile; fileRef = AD6B83F2207DAFBE006B3C5E /* StatusMenuController.swift */; };
		AD6B83F5207DEBA0006B3C5E /* MacOperator.swift in Sources */ = {isa = PBXBuildFile; fileRef = AD6B83F4207DEBA0006B3C5E /* MacOperator.swift */; };
		AD6B83F9207DFB8B006B3C5E /* MoveSpeedView.swift in Sources */ = {isa = PBXBuildFile; fileRef = AD6B83F8207DFB8B006B3C5E /* MoveSpeedView.swift */; };
		AD6B8401207E4CCF006B3C5E /* keyCodeTable.txt in Resources */ = {isa = PBXBuildFile; fileRef = AD6B8400207E4CCE006B3C5E /* keyCodeTable.txt */; };
/* End PBXBuildFile section */

/* Begin PBXFileReference section */
		AD6B83DD207DAC4F006B3C5E /* Magic Joy-Con.app */ = {isa = PBXFileReference; explicitFileType = wrapper.application; includeInIndex = 0; path = "Magic Joy-Con.app"; sourceTree = BUILT_PRODUCTS_DIR; };
		AD6B83E0207DAC4F006B3C5E /* AppDelegate.swift */ = {isa = PBXFileReference; lastKnownFileType = sourcecode.swift; path = AppDelegate.swift; sourceTree = "<group>"; };
		AD6B83E2207DAC51006B3C5E /* Assets.xcassets */ = {isa = PBXFileReference; lastKnownFileType = folder.assetcatalog; path = Assets.xcassets; sourceTree = "<group>"; };
		AD6B83E5207DAC51006B3C5E /* Base */ = {isa = PBXFileReference; lastKnownFileType = file.xib; name = Base; path = Base.lproj/MainMenu.xib; sourceTree = "<group>"; };
		AD6B83E7207DAC51006B3C5E /* Info.plist */ = {isa = PBXFileReference; lastKnownFileType = text.plist.xml; path = Info.plist; sourceTree = "<group>"; };
		AD6B83E8207DAC51006B3C5E /* Magic_Joy_Con.entitlements */ = {isa = PBXFileReference; lastKnownFileType = text.plist.entitlements; path = Magic_Joy_Con.entitlements; sourceTree = "<group>"; };
		AD6B83F0207DACB1006B3C5E /* JoyConClass.swift */ = {isa = PBXFileReference; fileEncoding = 4; lastKnownFileType = sourcecode.swift; name = JoyConClass.swift; path = "../../Joy-Con Controller/Joy-Con Controller/JoyConClass.swift"; sourceTree = "<group>"; };
		AD6B83F2207DAFBE006B3C5E /* StatusMenuController.swift */ = {isa = PBXFileReference; lastKnownFileType = sourcecode.swift; path = StatusMenuController.swift; sourceTree = "<group>"; };
		AD6B83F4207DEBA0006B3C5E /* MacOperator.swift */ = {isa = PBXFileReference; lastKnownFileType = sourcecode.swift; path = MacOperator.swift; sourceTree = "<group>"; };
		AD6B83F8207DFB8B006B3C5E /* MoveSpeedView.swift */ = {isa = PBXFileReference; fileEncoding = 4; lastKnownFileType = sourcecode.swift; path = MoveSpeedView.swift; sourceTree = "<group>"; };
		AD6B8400207E4CCE006B3C5E /* keyCodeTable.txt */ = {isa = PBXFileReference; fileEncoding = 4; lastKnownFileType = text; path = keyCodeTable.txt; sourceTree = "<group>"; };
		AD6B8402207F6B71006B3C5E /* README.md */ = {isa = PBXFileReference; lastKnownFileType = net.daringfireball.markdown; path = README.md; sourceTree = "<group>"; };
/* End PBXFileReference section */

/* Begin PBXFrameworksBuildPhase section */
		AD6B83DA207DAC4F006B3C5E /* Frameworks */ = {
			isa = PBXFrameworksBuildPhase;
			buildActionMask = 2147483647;
			files = (
			);
			runOnlyForDeploymentPostprocessing = 0;
		};
/* End PBXFrameworksBuildPhase section */

/* Begin PBXGroup section */
		AD6B83D4207DAC4F006B3C5E = {
			isa = PBXGroup;
			children = (
				AD6B8402207F6B71006B3C5E /* README.md */,
				AD6B83DF207DAC4F006B3C5E /* Magic Joy-Con */,
				AD6B83DE207DAC4F006B3C5E /* Products */,
			);
			sourceTree = "<group>";
		};
		AD6B83DE207DAC4F006B3C5E /* Products */ = {
			isa = PBXGroup;
			children = (
				AD6B83DD207DAC4F006B3C5E /* Magic Joy-Con.app */,
			);
			name = Products;
			sourceTree = "<group>";
		};
		AD6B83DF207DAC4F006B3C5E /* Magic Joy-Con */ = {
			isa = PBXGroup;
			children = (
				AD6B8400207E4CCE006B3C5E /* keyCodeTable.txt */,
				AD6B83F8207DFB8B006B3C5E /* MoveSpeedView.swift */,
				AD6B83F0207DACB1006B3C5E /* JoyConClass.swift */,
				AD6B83E0207DAC4F006B3C5E /* AppDelegate.swift */,
				AD6B83E2207DAC51006B3C5E /* Assets.xcassets */,
				AD6B83E4207DAC51006B3C5E /* MainMenu.xib */,
				AD6B83E7207DAC51006B3C5E /* Info.plist */,
				AD6B83E8207DAC51006B3C5E /* Magic_Joy_Con.entitlements */,
				AD6B83F2207DAFBE006B3C5E /* StatusMenuController.swift */,
				AD6B83F4207DEBA0006B3C5E /* MacOperator.swift */,
			);
			path = "Magic Joy-Con";
			sourceTree = "<group>";
		};
/* End PBXGroup section */

/* Begin PBXNativeTarget section */
		AD6B83DC207DAC4F006B3C5E /* Magic Joy-Con */ = {
			isa = PBXNativeTarget;
			buildConfigurationList = AD6B83EB207DAC51006B3C5E /* Build configuration list for PBXNativeTarget "Magic Joy-Con" */;
			buildPhases = (
				AD6B83D9207DAC4F006B3C5E /* Sources */,
				AD6B83DA207DAC4F006B3C5E /* Frameworks */,
				AD6B83DB207DAC4F006B3C5E /* Resources */,
			);
			buildRules = (
			);
			dependencies = (
			);
			name = "Magic Joy-Con";
			productName = "Magic Joy-Con";
			productReference = AD6B83DD207DAC4F006B3C5E /* Magic Joy-Con.app */;
			productType = "com.apple.product-type.application";
		};
/* End PBXNativeTarget section */

/* Begin PBXProject section */
		AD6B83D5207DAC4F006B3C5E /* Project object */ = {
			isa = PBXProject;
			attributes = {
				LastSwiftUpdateCheck = 0930;
				LastUpgradeCheck = 0930;
				ORGANIZATIONNAME = SymenYang;
				TargetAttributes = {
					AD6B83DC207DAC4F006B3C5E = {
						CreatedOnToolsVersion = 9.3;
						SystemCapabilities = {
							com.apple.Sandbox = {
								enabled = 0;
							};
						};
					};
				};
			};
			buildConfigurationList = AD6B83D8207DAC4F006B3C5E /* Build configuration list for PBXProject "Magic Joy-Con" */;
			compatibilityVersion = "Xcode 9.3";
			developmentRegion = en;
			hasScannedForEncodings = 0;
			knownRegions = (
				en,
				Base,
			);
			mainGroup = AD6B83D4207DAC4F006B3C5E;
			productRefGroup = AD6B83DE207DAC4F006B3C5E /* Products */;
			projectDirPath = "";
			projectRoot = "";
			targets = (
				AD6B83DC207DAC4F006B3C5E /* Magic Joy-Con */,
			);
		};
/* End PBXProject section */

/* Begin PBXResourcesBuildPhase section */
		AD6B83DB207DAC4F006B3C5E /* Resources */ = {
			isa = PBXResourcesBuildPhase;
			buildActionMask = 2147483647;
			files = (
				AD6B83E3207DAC51006B3C5E /* Assets.xcassets in Resources */,
				AD6B83E6207DAC51006B3C5E /* MainMenu.xib in Resources */,
				AD6B8401207E4CCF006B3C5E /* keyCodeTable.txt in Resources */,
			);
			runOnlyForDeploymentPostprocessing = 0;
		};
/* End PBXResourcesBuildPhase section */

/* Begin PBXSourcesBuildPhase section */
		AD6B83D9207DAC4F006B3C5E /* Sources */ = {
			isa = PBXSourcesBuildPhase;
			buildActionMask = 2147483647;
			files = (
				AD6B83F3207DAFBE006B3C5E /* StatusMenuController.swift in Sources */,
				AD6B83F5207DEBA0006B3C5E /* MacOperator.swift in Sources */,
				AD6B83F1207DACB1006B3C5E /* JoyConClass.swift in Sources */,
				AD6B83F9207DFB8B006B3C5E /* MoveSpeedView.swift in Sources */,
				AD6B83E1207DAC4F006B3C5E /* AppDelegate.swift in Sources */,
			);
			runOnlyForDeploymentPostprocessing = 0;
		};
/* End PBXSourcesBuildPhase section */

/* Begin PBXVariantGroup section */
		AD6B83E4207DAC51006B3C5E /* MainMenu.xib */ = {
			isa = PBXVariantGroup;
			children = (
				AD6B83E5207DAC51006B3C5E /* Base */,
			);
			name = MainMenu.xib;
			sourceTree = "<group>";
		};
/* End PBXVariantGroup section */

/* Begin XCBuildConfiguration section */
		AD6B83E9207DAC51006B3C5E /* Debug */ = {
			isa = XCBuildConfiguration;
			buildSettings = {
				ALWAYS_SEARCH_USER_PATHS = NO;
				CLANG_ANALYZER_NONNULL = YES;
				CLANG_ANALYZER_NUMBER_OBJECT_CONVERSION = YES_AGGRESSIVE;
				CLANG_CXX_LANGUAGE_STANDARD = "gnu++14";
				CLANG_CXX_LIBRARY = "libc++";
				CLANG_ENABLE_MODULES = YES;
				CLANG_ENABLE_OBJC_ARC = YES;
				CLANG_ENABLE_OBJC_WEAK = YES;
				CLANG_WARN_BLOCK_CAPTURE_AUTORELEASING = YES;
				CLANG_WARN_BOOL_CONVERSION = YES;
				CLANG_WARN_COMMA = YES;
				CLANG_WARN_CONSTANT_CONVERSION = YES;
				CLANG_WARN_DEPRECATED_OBJC_IMPLEMENTATIONS = YES;
				CLANG_WARN_DIRECT_OBJC_ISA_USAGE = YES_ERROR;
				CLANG_WARN_DOCUMENTATION_COMMENTS = YES;
				CLANG_WARN_EMPTY_BODY = YES;
				CLANG_WARN_ENUM_CONVERSION = YES;
				CLANG_WARN_INFINITE_RECURSION = YES;
				CLANG_WARN_INT_CONVERSION = YES;
				CLANG_WARN_NON_LITERAL_NULL_CONVERSION = YES;
				CLANG_WARN_OBJC_IMPLICIT_RETAIN_SELF = YES;
				CLANG_WARN_OBJC_LITERAL_CONVERSION = YES;
				CLANG_WARN_OBJC_ROOT_CLASS = YES_ERROR;
				CLANG_WARN_RANGE_LOOP_ANALYSIS = YES;
				CLANG_WARN_STRICT_PROTOTYPES = YES;
				CLANG_WARN_SUSPICIOUS_MOVE = YES;
				CLANG_WARN_UNGUARDED_AVAILABILITY = YES_AGGRESSIVE;
				CLANG_WARN_UNREACHABLE_CODE = YES;
				CLANG_WARN__DUPLICATE_METHOD_MATCH = YES;
				CODE_SIGN_IDENTITY = "-";
				COPY_PHASE_STRIP = NO;
				DEBUG_INFORMATION_FORMAT = dwarf;
				ENABLE_STRICT_OBJC_MSGSEND = YES;
				ENABLE_TESTABILITY = YES;
				GCC_C_LANGUAGE_STANDARD = gnu11;
				GCC_DYNAMIC_NO_PIC = NO;
				GCC_NO_COMMON_BLOCKS = YES;
				GCC_OPTIMIZATION_LEVEL = 0;
				GCC_PREPROCESSOR_DEFINITIONS = (
					"DEBUG=1",
					"$(inherited)",
				);
				GCC_WARN_64_TO_32_BIT_CONVERSION = YES;
				GCC_WARN_ABOUT_RETURN_TYPE = YES_ERROR;
				GCC_WARN_UNDECLARED_SELECTOR = YES;
				GCC_WARN_UNINITIALIZED_AUTOS = YES_AGGRESSIVE;
				GCC_WARN_UNUSED_FUNCTION = YES;
				GCC_WARN_UNUSED_VARIABLE = YES;
				MACOSX_DEPLOYMENT_TARGET = 10.13;
				MTL_ENABLE_DEBUG_INFO = YES;
				ONLY_ACTIVE_ARCH = YES;
				SDKROOT = macosx;
				SWIFT_ACTIVE_COMPILATION_CONDITIONS = DEBUG;
				SWIFT_OPTIMIZATION_LEVEL = "-Onone";
			};
			name = Debug;
		};
		AD6B83EA207DAC51006B3C5E /* Release */ = {
			isa = XCBuildConfiguration;
			buildSettings = {
				ALWAYS_SEARCH_USER_PATHS = NO;
				CLANG_ANALYZER_NONNULL = YES;
				CLANG_ANALYZER_NUMBER_OBJECT_CONVERSION = YES_AGGRESSIVE;
				CLANG_CXX_LANGUAGE_STANDARD = "gnu++14";
				CLANG_CXX_LIBRARY = "libc++";
				CLANG_ENABLE_MODULES = YES;
				CLANG_ENABLE_OBJC_ARC = YES;
				CLANG_ENABLE_OBJC_WEAK = YES;
				CLANG_WARN_BLOCK_CAPTURE_AUTORELEASING = YES;
				CLANG_WARN_BOOL_CONVERSION = YES;
				CLANG_WARN_COMMA = YES;
				CLANG_WARN_CONSTANT_CONVERSION = YES;
				CLANG_WARN_DEPRECATED_OBJC_IMPLEMENTATIONS = YES;
				CLANG_WARN_DIRECT_OBJC_ISA_USAGE = YES_ERROR;
				CLANG_WARN_DOCUMENTATION_COMMENTS = YES;
				CLANG_WARN_EMPTY_BODY = YES;
				CLANG_WARN_ENUM_CONVERSION = YES;
				CLANG_WARN_INFINITE_RECURSION = YES;
				CLANG_WARN_INT_CONVERSION = YES;
				CLANG_WARN_NON_LITERAL_NULL_CONVERSION = YES;
				CLANG_WARN_OBJC_IMPLICIT_RETAIN_SELF = YES;
				CLANG_WARN_OBJC_LITERAL_CONVERSION = YES;
				CLANG_WARN_OBJC_ROOT_CLASS = YES_ERROR;
				CLANG_WARN_RANGE_LOOP_ANALYSIS = YES;
				CLANG_WARN_STRICT_PROTOTYPES = YES;
				CLANG_WARN_SUSPICIOUS_MOVE = YES;
				CLANG_WARN_UNGUARDED_AVAILABILITY = YES_AGGRESSIVE;
				CLANG_WARN_UNREACHABLE_CODE = YES;
				CLANG_WARN__DUPLICATE_METHOD_MATCH = YES;
				CODE_SIGN_IDENTITY = "-";
				COPY_PHASE_STRIP = NO;
				DEBUG_INFORMATION_FORMAT = "dwarf-with-dsym";
				ENABLE_NS_ASSERTIONS = NO;
				ENABLE_STRICT_OBJC_MSGSEND = YES;
				GCC_C_LANGUAGE_STANDARD = gnu11;
				GCC_NO_COMMON_BLOCKS = YES;
				GCC_WARN_64_TO_32_BIT_CONVERSION = YES;
				GCC_WARN_ABOUT_RETURN_TYPE = YES_ERROR;
				GCC_WARN_UNDECLARED_SELECTOR = YES;
				GCC_WARN_UNINITIALIZED_AUTOS = YES_AGGRESSIVE;
				GCC_WARN_UNUSED_FUNCTION = YES;
				GCC_WARN_UNUSED_VARIABLE = YES;
				MACOSX_DEPLOYMENT_TARGET = 10.13;
				MTL_ENABLE_DEBUG_INFO = NO;
				SDKROOT = macosx;
				SWIFT_COMPILATION_MODE = wholemodule;
				SWIFT_OPTIMIZATION_LEVEL = "-O";
			};
			name = Release;
		};
		AD6B83EC207DAC51006B3C5E /* Debug */ = {
			isa = XCBuildConfiguration;
			buildSettings = {
				ASSETCATALOG_COMPILER_APPICON_NAME = AppIcon;
				CODE_SIGN_STYLE = Automatic;
				COMBINE_HIDPI_IMAGES = YES;
				INFOPLIST_FILE = "Magic Joy-Con/Info.plist";
				LD_RUNPATH_SEARCH_PATHS = (
					"$(inherited)",
					"@executable_path/../Frameworks",
				);
				PRODUCT_BUNDLE_IDENTIFIER = "SymenYang.Magic-Joy-Con";
				PRODUCT_NAME = "$(TARGET_NAME)";
				SWIFT_VERSION = 4.0;
			};
			name = Debug;
		};
		AD6B83ED207DAC51006B3C5E /* Release */ = {
			isa = XCBuildConfiguration;
			buildSettings = {
				ASSETCATALOG_COMPILER_APPICON_NAME = AppIcon;
				CODE_SIGN_STYLE = Automatic;
				COMBINE_HIDPI_IMAGES = YES;
				INFOPLIST_FILE = "Magic Joy-Con/Info.plist";
				LD_RUNPATH_SEARCH_PATHS = (
					"$(inherited)",
					"@executable_path/../Frameworks",
				);
				PRODUCT_BUNDLE_IDENTIFIER = "SymenYang.Magic-Joy-Con";
				PRODUCT_NAME = "$(TARGET_NAME)";
				SWIFT_VERSION = 4.0;
			};
			name = Release;
		};
/* End XCBuildConfiguration section */

/* Begin XCConfigurationList section */
		AD6B83D8207DAC4F006B3C5E /* Build configuration list for PBXProject "Magic Joy-Con" */ = {
			isa = XCConfigurationList;
			buildConfigurations = (
				AD6B83E9207DAC51006B3C5E /* Debug */,
				AD6B83EA207DAC51006B3C5E /* Release */,
			);
			defaultConfigurationIsVisible = 0;
			defaultConfigurationName = Release;
		};
		AD6B83EB207DAC51006B3C5E /* Build configuration list for PBXNativeTarget "Magic Joy-Con" */ = {
			isa = XCConfigurationList;
			buildConfigurations = (
				AD6B83EC207DAC51006B3C5E /* Debug */,
				AD6B83ED207DAC51006B3C5E /* Release */,
			);
			defaultConfigurationIsVisible = 0;
			defaultConfigurationName = Release;
		};
/* End XCConfigurationList section */
	};
	rootObject = AD6B83D5207DAC4F006B3C5E /* Project object */;
}
